{
    "_readme": [
        "This file locks the dependencies of your project to a known state",
        "Read more about it at https://getcomposer.org/doc/01-basic-usage.md#composer-lock-the-lock-file",
        "This file is @generated automatically"
    ],
    "content-hash": "aa47eca5f756f11ca3959b80625fe22a",
    "packages": [
        {
            "name": "mangati/api-client",
            "version": "v0.2.0",
            "source": {
                "type": "git",
                "url": "https://github.com/mangati/api-client.git",
                "reference": "0ee2d0d6a7acbf5cfb8630ef4d00204de60d1867"
            },
            "dist": {
                "type": "zip",
                "url": "https://api.github.com/repos/mangati/api-client/zipball/0ee2d0d6a7acbf5cfb8630ef4d00204de60d1867",
                "reference": "0ee2d0d6a7acbf5cfb8630ef4d00204de60d1867",
                "shasum": ""
            },
            "require": {
                "ext-curl": "*"
            },
            "type": "library",
            "autoload": {
                "psr-4": {
                    "Mangati\\Api\\": "src/"
                }
            },
            "notification-url": "https://packagist.org/downloads/",
            "license": [
                "MIT"
            ],
            "authors": [
                {
                    "name": "Rogerio Lino",
                    "email": "rogeriolino@gmail.com"
                }
            ],
            "description": "Generic JSON restful API client written in PHP.",
            "time": "2018-02-02T18:54:06+00:00"
        }
    ],
    "packages-dev": [],
    "aliases": [],
    "minimum-stability": "stable",
    "stability-flags": [],
    "prefer-stable": false,
    "prefer-lowest": false,
    "platform": [],
    "platform-dev": []
}
